{
  "requires": true,
  "lockfileVersion": 1,
  "dependencies": {
    "jest-mock-extended": {
      "version": "1.0.8",
      "resolved": "https://registry.npmjs.org/jest-mock-extended/-/jest-mock-extended-1.0.8.tgz",
      "integrity": "sha512-lwRgbnngx6Woh0OOapes3uJQzngCj69OIhKnXYybEWwE0O1w7UyBJwLciHH6D/MCedogA90qxhEkEANrA20Sfw==",
      "dev": true,
      "requires": {
        "ts-essentials": "^4.0.0"
      }
    },
    "ts-essentials": {
      "version": "4.0.0",
      "resolved": "https://registry.npmjs.org/ts-essentials/-/ts-essentials-4.0.0.tgz",
      "integrity": "sha512-uQJX+SRY9mtbKU+g9kl5Fi7AEMofPCvHfJkQlaygpPmHPZrtgaBqbWFOYyiA47RhnSwwnXdepUJrgqUYxoUyhQ==",
      "dev": true
    }
  }
}
